
Microsoft Visual Studio Solution File, Format Version 12.00
# Visual Studio Version 17
VisualStudioVersion = 17.5.33516.290
MinimumVisualStudioVersion = 10.0.40219.1
Project("{FAE04EC0-301F-11D3-BF4B-00C04F79EFBC}") = "MDigital", "MDigital.csproj", "{659626ED-1BFA-4749-B60C-425B240A0DDB}"
EndProject
Project("{FAE04EC0-301F-11D3-BF4B-00C04F79EFBC}") = "MDigitalTests", "..\MDigitalTests\MDigitalTests.csproj", "{92F6BDA3-2391-4CB9-ABC0-95E84D99D347}"
EndProject
Global
	GlobalSection(SolutionConfigurationPlatforms) = preSolution
		Debug|Any CPU = Debug|Any CPU
		Release|Any CPU = Release|Any CPU
	EndGlobalSection
	GlobalSection(ProjectConfigurationPlatforms) = postSolution
		{659626ED-1BFA-4749-B60C-425B240A0DDB}.Debug|Any CPU.ActiveCfg = Debug|Any CPU
		{659626ED-1BFA-4749-B60C-425B240A0DDB}.Debug|Any CPU.Build.0 = Debug|Any CPU
		{659626ED-1BFA-4749-B60C-425B240A0DDB}.Release|Any CPU.ActiveCfg = Release|Any CPU
		{659626ED-1BFA-4749-B60C-425B240A0DDB}.Release|Any CPU.Build.0 = Release|Any CPU
		{92F6BDA3-2391-4CB9-ABC0-95E84D99D347}.Debug|Any CPU.ActiveCfg = Debug|Any CPU
		{92F6BDA3-2391-4CB9-ABC0-95E84D99D347}.Debug|Any CPU.Build.0 = Debug|Any CPU
		{92F6BDA3-2391-4CB9-ABC0-95E84D99D347}.Release|Any CPU.ActiveCfg = Release|Any CPU
		{92F6BDA3-2391-4CB9-ABC0-95E84D99D347}.Release|Any CPU.Build.0 = Release|Any CPU
	EndGlobalSection
	GlobalSection(SolutionProperties) = preSolution
		HideSolutionNode = FALSE
	EndGlobalSection
	GlobalSection(ExtensibilityGlobals) = postSolution
		SolutionGuid = {C2D340D6-7C56-4844-A745-5A86A8FEF83F}
	EndGlobalSection
EndGlobal
